
Microsoft Visual Studio Solution File, Format Version 12.00
# Visual Studio Version 17
VisualStudioVersion = 17.10.35122.118
MinimumVisualStudioVersion = 10.0.40219.1
Project("{9A19103F-16F7-4668-BE54-9A1E7A4F7556}") = "ContractService", "ContractService.csproj", "{BBABFAFB-0872-42F5-91EC-F3B19D86144A}"
EndProject
Global
	GlobalSection(SolutionConfigurationPlatforms) = preSolution
		Debug|Any CPU = Debug|Any CPU
		Release|Any CPU = Release|Any CPU
	EndGlobalSection
	GlobalSection(ProjectConfigurationPlatforms) = postSolution
		{BBABFAFB-0872-42F5-91EC-F3B19D86144A}.Debug|Any CPU.ActiveCfg = Debug|Any CPU
		{BBABFAFB-0872-42F5-91EC-F3B19D86144A}.Debug|Any CPU.Build.0 = Debug|Any CPU
		{BBABFAFB-0872-42F5-91EC-F3B19D86144A}.Release|Any CPU.ActiveCfg = Release|Any CPU
		{BBABFAFB-0872-42F5-91EC-F3B19D86144A}.Release|Any CPU.Build.0 = Release|Any CPU
	EndGlobalSection
	GlobalSection(SolutionProperties) = preSolution
		HideSolutionNode = FALSE
	EndGlobalSection
	GlobalSection(ExtensibilityGlobals) = postSolution
		SolutionGuid = {915A6BE8-49E6-42D9-933B-1D583408304D}
	EndGlobalSection
EndGlobal
